
Microsoft Visual Studio Solution File, Format Version 12.00
# Visual Studio 15
VisualStudioVersion = 15.0.27428.2037
MinimumVisualStudioVersion = 10.0.40219.1
Project("{FAE04EC0-301F-11D3-BF4B-00C04F79EFBC}") = "ControllerLib", "ControllerLib\ControllerLib.csproj", "{2A94812B-65B5-4916-A445-FEF03D887FAA}"
EndProject
Global
	GlobalSection(SolutionConfigurationPlatforms) = preSolution
		Debug|Any CPU = Debug|Any CPU
		Release|Any CPU = Release|Any CPU
	EndGlobalSection
	GlobalSection(ProjectConfigurationPlatforms) = postSolution
		{2A94812B-65B5-4916-A445-FEF03D887FAA}.Debug|Any CPU.ActiveCfg = Debug|Any CPU
		{2A94812B-65B5-4916-A445-FEF03D887FAA}.Debug|Any CPU.Build.0 = Debug|Any CPU
		{2A94812B-65B5-4916-A445-FEF03D887FAA}.Release|Any CPU.ActiveCfg = Release|Any CPU
		{2A94812B-65B5-4916-A445-FEF03D887FAA}.Release|Any CPU.Build.0 = Release|Any CPU
	EndGlobalSection
	GlobalSection(SolutionProperties) = preSolution
		HideSolutionNode = FALSE
	EndGlobalSection
	GlobalSection(ExtensibilityGlobals) = postSolution
		SolutionGuid = {D756F06D-37C7-4BE3-A8B2-2D88C880C930}
	EndGlobalSection
EndGlobal
